// !$*UTF8*$!
{
	archiveVersion = 1;
	classes = {
	};
	objectVersion = 55;
	objects = {

/* Begin PBXBuildFile section */
		5C764E61279C70E0000C6508 /* libgmp.a in Frameworks */ = {isa = PBXBuildFile; fileRef = 5C764E5D279C70DE000C6508 /* libgmp.a */; };
		5C764E62279C70E0000C6508 /* libgmp.a in Frameworks */ = {isa = PBXBuildFile; fileRef = 5C764E5D279C70DE000C6508 /* libgmp.a */; };
		5C764E63279C70E0000C6508 /* libgmpxx.a in Frameworks */ = {isa = PBXBuildFile; fileRef = 5C764E5E279C70DE000C6508 /* libgmpxx.a */; };
		5C764E64279C70E0000C6508 /* libgmpxx.a in Frameworks */ = {isa = PBXBuildFile; fileRef = 5C764E5E279C70DE000C6508 /* libgmpxx.a */; };
		5C764E65279C70E0000C6508 /* libffi.a in Frameworks */ = {isa = PBXBuildFile; fileRef = 5C764E5F279C70DE000C6508 /* libffi.a */; };
		5C764E66279C70E0000C6508 /* libffi.a in Frameworks */ = {isa = PBXBuildFile; fileRef = 5C764E5F279C70DE000C6508 /* libffi.a */; };
		5C764E67279C70E0000C6508 /* libHSsimplex-chat-1.0.1-756RvUPisyT7gsYObFpxWS-ghc8.10.7.a in Frameworks */ = {isa = PBXBuildFile; fileRef = 5C764E60279C70E0000C6508 /* libHSsimplex-chat-1.0.1-756RvUPisyT7gsYObFpxWS-ghc8.10.7.a */; };
		5C764E68279C70E0000C6508 /* libHSsimplex-chat-1.0.1-756RvUPisyT7gsYObFpxWS-ghc8.10.7.a in Frameworks */ = {isa = PBXBuildFile; fileRef = 5C764E60279C70E0000C6508 /* libHSsimplex-chat-1.0.1-756RvUPisyT7gsYObFpxWS-ghc8.10.7.a */; };
		5C764E80279C7276000C6508 /* dummy.m in Sources */ = {isa = PBXBuildFile; fileRef = 5C764E7F279C7276000C6508 /* dummy.m */; };
		5C764E81279C7276000C6508 /* dummy.m in Sources */ = {isa = PBXBuildFile; fileRef = 5C764E7F279C7276000C6508 /* dummy.m */; };
		5C764E82279C748B000C6508 /* libiconv.tbd in Frameworks */ = {isa = PBXBuildFile; fileRef = 5C764E7B279C71D4000C6508 /* libiconv.tbd */; };
		5C764E83279C748B000C6508 /* libz.tbd in Frameworks */ = {isa = PBXBuildFile; fileRef = 5C764E7C279C71DB000C6508 /* libz.tbd */; };
		5C764E84279C748C000C6508 /* libiconv.tbd in Frameworks */ = {isa = PBXBuildFile; fileRef = 5C764E7B279C71D4000C6508 /* libiconv.tbd */; };
		5C764E85279C748C000C6508 /* libz.tbd in Frameworks */ = {isa = PBXBuildFile; fileRef = 5C764E7C279C71DB000C6508 /* libz.tbd */; };
		5C764E89279CBCB3000C6508 /* ChatModel.swift in Sources */ = {isa = PBXBuildFile; fileRef = 5C764E88279CBCB3000C6508 /* ChatModel.swift */; };
		5C764E8A279CBCB3000C6508 /* ChatModel.swift in Sources */ = {isa = PBXBuildFile; fileRef = 5C764E88279CBCB3000C6508 /* ChatModel.swift */; };
		5CA059DC279559F40002BEB4 /* Tests_iOS.swift in Sources */ = {isa = PBXBuildFile; fileRef = 5CA059DB279559F40002BEB4 /* Tests_iOS.swift */; };
		5CA059DE279559F40002BEB4 /* Tests_iOSLaunchTests.swift in Sources */ = {isa = PBXBuildFile; fileRef = 5CA059DD279559F40002BEB4 /* Tests_iOSLaunchTests.swift */; };
		5CA059E8279559F40002BEB4 /* Tests_macOS.swift in Sources */ = {isa = PBXBuildFile; fileRef = 5CA059E7279559F40002BEB4 /* Tests_macOS.swift */; };
		5CA059EA279559F40002BEB4 /* Tests_macOSLaunchTests.swift in Sources */ = {isa = PBXBuildFile; fileRef = 5CA059E9279559F40002BEB4 /* Tests_macOSLaunchTests.swift */; };
		5CA059EB279559F40002BEB4 /* SimpleXApp.swift in Sources */ = {isa = PBXBuildFile; fileRef = 5CA059C3279559F40002BEB4 /* SimpleXApp.swift */; };
		5CA059EC279559F40002BEB4 /* SimpleXApp.swift in Sources */ = {isa = PBXBuildFile; fileRef = 5CA059C3279559F40002BEB4 /* SimpleXApp.swift */; };
		5CA059ED279559F40002BEB4 /* ContentView.swift in Sources */ = {isa = PBXBuildFile; fileRef = 5CA059C4279559F40002BEB4 /* ContentView.swift */; };
		5CA059EE279559F40002BEB4 /* ContentView.swift in Sources */ = {isa = PBXBuildFile; fileRef = 5CA059C4279559F40002BEB4 /* ContentView.swift */; };
		5CA059EF279559F40002BEB4 /* Assets.xcassets in Resources */ = {isa = PBXBuildFile; fileRef = 5CA059C5279559F40002BEB4 /* Assets.xcassets */; };
		5CA059F0279559F40002BEB4 /* Assets.xcassets in Resources */ = {isa = PBXBuildFile; fileRef = 5CA059C5279559F40002BEB4 /* Assets.xcassets */; };
		5CA05A4C27974EB60002BEB4 /* ProfileView.swift in Sources */ = {isa = PBXBuildFile; fileRef = 5CA05A4B27974EB60002BEB4 /* ProfileView.swift */; };
		5CA05A4D27974EB60002BEB4 /* ProfileView.swift in Sources */ = {isa = PBXBuildFile; fileRef = 5CA05A4B27974EB60002BEB4 /* ProfileView.swift */; };
		5CA05A4F279752D00002BEB4 /* MessageView.swift in Sources */ = {isa = PBXBuildFile; fileRef = 5CA05A4E279752D00002BEB4 /* MessageView.swift */; };
		5CA05A50279752D00002BEB4 /* MessageView.swift in Sources */ = {isa = PBXBuildFile; fileRef = 5CA05A4E279752D00002BEB4 /* MessageView.swift */; };
/* End PBXBuildFile section */

/* Begin PBXContainerItemProxy section */
		5CA059D8279559F40002BEB4 /* PBXContainerItemProxy */ = {
			isa = PBXContainerItemProxy;
			containerPortal = 5CA059BE279559F40002BEB4 /* Project object */;
			proxyType = 1;
			remoteGlobalIDString = 5CA059C9279559F40002BEB4;
			remoteInfo = "SimpleX (iOS)";
		};
		5CA059E4279559F40002BEB4 /* PBXContainerItemProxy */ = {
			isa = PBXContainerItemProxy;
			containerPortal = 5CA059BE279559F40002BEB4 /* Project object */;
			proxyType = 1;
			remoteGlobalIDString = 5CA059CF279559F40002BEB4;
			remoteInfo = "SimpleX (macOS)";
		};
/* End PBXContainerItemProxy section */

/* Begin PBXFileReference section */
		5C764E5D279C70DE000C6508 /* libgmp.a */ = {isa = PBXFileReference; lastKnownFileType = archive.ar; path = libgmp.a; sourceTree = "<group>"; };
		5C764E5E279C70DE000C6508 /* libgmpxx.a */ = {isa = PBXFileReference; lastKnownFileType = archive.ar; path = libgmpxx.a; sourceTree = "<group>"; };
		5C764E5F279C70DE000C6508 /* libffi.a */ = {isa = PBXFileReference; lastKnownFileType = archive.ar; path = libffi.a; sourceTree = "<group>"; };
		5C764E60279C70E0000C6508 /* libHSsimplex-chat-1.0.1-756RvUPisyT7gsYObFpxWS-ghc8.10.7.a */ = {isa = PBXFileReference; lastKnownFileType = archive.ar; path = "libHSsimplex-chat-1.0.1-756RvUPisyT7gsYObFpxWS-ghc8.10.7.a"; sourceTree = "<group>"; };
		5C764E7B279C71D4000C6508 /* libiconv.tbd */ = {isa = PBXFileReference; lastKnownFileType = "sourcecode.text-based-dylib-definition"; name = libiconv.tbd; path = Platforms/iPhoneOS.platform/Developer/SDKs/iPhoneOS15.2.sdk/usr/lib/libiconv.tbd; sourceTree = DEVELOPER_DIR; };
		5C764E7C279C71DB000C6508 /* libz.tbd */ = {isa = PBXFileReference; lastKnownFileType = "sourcecode.text-based-dylib-definition"; name = libz.tbd; path = Platforms/iPhoneOS.platform/Developer/SDKs/iPhoneOS15.2.sdk/usr/lib/libz.tbd; sourceTree = DEVELOPER_DIR; };
		5C764E7D279C7275000C6508 /* SimpleX (iOS)-Bridging-Header.h */ = {isa = PBXFileReference; lastKnownFileType = sourcecode.c.h; path = "SimpleX (iOS)-Bridging-Header.h"; sourceTree = "<group>"; };
		5C764E7E279C7275000C6508 /* SimpleX (macOS)-Bridging-Header.h */ = {isa = PBXFileReference; lastKnownFileType = sourcecode.c.h; path = "SimpleX (macOS)-Bridging-Header.h"; sourceTree = "<group>"; };
		5C764E7F279C7276000C6508 /* dummy.m */ = {isa = PBXFileReference; lastKnownFileType = sourcecode.c.objc; path = dummy.m; sourceTree = "<group>"; };
		5C764E88279CBCB3000C6508 /* ChatModel.swift */ = {isa = PBXFileReference; lastKnownFileType = sourcecode.swift; path = ChatModel.swift; sourceTree = "<group>"; };
		5CA059C3279559F40002BEB4 /* SimpleXApp.swift */ = {isa = PBXFileReference; lastKnownFileType = sourcecode.swift; path = SimpleXApp.swift; sourceTree = "<group>"; };
		5CA059C4279559F40002BEB4 /* ContentView.swift */ = {isa = PBXFileReference; lastKnownFileType = sourcecode.swift; path = ContentView.swift; sourceTree = "<group>"; };
		5CA059C5279559F40002BEB4 /* Assets.xcassets */ = {isa = PBXFileReference; lastKnownFileType = folder.assetcatalog; path = Assets.xcassets; sourceTree = "<group>"; };
		5CA059CA279559F40002BEB4 /* SimpleX.app */ = {isa = PBXFileReference; explicitFileType = wrapper.application; includeInIndex = 0; path = SimpleX.app; sourceTree = BUILT_PRODUCTS_DIR; };
		5CA059D0279559F40002BEB4 /* SimpleX.app */ = {isa = PBXFileReference; explicitFileType = wrapper.application; includeInIndex = 0; path = SimpleX.app; sourceTree = BUILT_PRODUCTS_DIR; };
		5CA059D7279559F40002BEB4 /* Tests iOS.xctest */ = {isa = PBXFileReference; explicitFileType = wrapper.cfbundle; includeInIndex = 0; path = "Tests iOS.xctest"; sourceTree = BUILT_PRODUCTS_DIR; };
		5CA059DB279559F40002BEB4 /* Tests_iOS.swift */ = {isa = PBXFileReference; lastKnownFileType = sourcecode.swift; path = Tests_iOS.swift; sourceTree = "<group>"; };
		5CA059DD279559F40002BEB4 /* Tests_iOSLaunchTests.swift */ = {isa = PBXFileReference; lastKnownFileType = sourcecode.swift; path = Tests_iOSLaunchTests.swift; sourceTree = "<group>"; };
		5CA059E3279559F40002BEB4 /* Tests macOS.xctest */ = {isa = PBXFileReference; explicitFileType = wrapper.cfbundle; includeInIndex = 0; path = "Tests macOS.xctest"; sourceTree = BUILT_PRODUCTS_DIR; };
		5CA059E7279559F40002BEB4 /* Tests_macOS.swift */ = {isa = PBXFileReference; lastKnownFileType = sourcecode.swift; path = Tests_macOS.swift; sourceTree = "<group>"; };
		5CA059E9279559F40002BEB4 /* Tests_macOSLaunchTests.swift */ = {isa = PBXFileReference; lastKnownFileType = sourcecode.swift; path = Tests_macOSLaunchTests.swift; sourceTree = "<group>"; };
		5CA05A4B27974EB60002BEB4 /* ProfileView.swift */ = {isa = PBXFileReference; lastKnownFileType = sourcecode.swift; path = ProfileView.swift; sourceTree = "<group>"; };
		5CA05A4E279752D00002BEB4 /* MessageView.swift */ = {isa = PBXFileReference; lastKnownFileType = sourcecode.swift; path = MessageView.swift; sourceTree = "<group>"; };
/* End PBXFileReference section */

/* Begin PBXFrameworksBuildPhase section */
		5CA059C7279559F40002BEB4 /* Frameworks */ = {
			isa = PBXFrameworksBuildPhase;
			buildActionMask = 2147483647;
			files = (
				5C764E67279C70E0000C6508 /* libHSsimplex-chat-1.0.1-756RvUPisyT7gsYObFpxWS-ghc8.10.7.a in Frameworks */,
				5C764E83279C748B000C6508 /* libz.tbd in Frameworks */,
				5C764E63279C70E0000C6508 /* libgmpxx.a in Frameworks */,
				5C764E65279C70E0000C6508 /* libffi.a in Frameworks */,
				5C764E61279C70E0000C6508 /* libgmp.a in Frameworks */,
				5C764E82279C748B000C6508 /* libiconv.tbd in Frameworks */,
			);
			runOnlyForDeploymentPostprocessing = 0;
		};
		5CA059CD279559F40002BEB4 /* Frameworks */ = {
			isa = PBXFrameworksBuildPhase;
			buildActionMask = 2147483647;
			files = (
				5C764E68279C70E0000C6508 /* libHSsimplex-chat-1.0.1-756RvUPisyT7gsYObFpxWS-ghc8.10.7.a in Frameworks */,
				5C764E85279C748C000C6508 /* libz.tbd in Frameworks */,
				5C764E64279C70E0000C6508 /* libgmpxx.a in Frameworks */,
				5C764E66279C70E0000C6508 /* libffi.a in Frameworks */,
				5C764E62279C70E0000C6508 /* libgmp.a in Frameworks */,
				5C764E84279C748C000C6508 /* libiconv.tbd in Frameworks */,
			);
			runOnlyForDeploymentPostprocessing = 0;
		};
		5CA059D4279559F40002BEB4 /* Frameworks */ = {
			isa = PBXFrameworksBuildPhase;
			buildActionMask = 2147483647;
			files = (
			);
			runOnlyForDeploymentPostprocessing = 0;
		};
		5CA059E0279559F40002BEB4 /* Frameworks */ = {
			isa = PBXFrameworksBuildPhase;
			buildActionMask = 2147483647;
			files = (
			);
			runOnlyForDeploymentPostprocessing = 0;
		};
/* End PBXFrameworksBuildPhase section */

/* Begin PBXGroup section */
		5C764E5C279C70B7000C6508 /* Libraries */ = {
			isa = PBXGroup;
			children = (
				5C764E5F279C70DE000C6508 /* libffi.a */,
				5C764E5D279C70DE000C6508 /* libgmp.a */,
				5C764E5E279C70DE000C6508 /* libgmpxx.a */,
				5C764E60279C70E0000C6508 /* libHSsimplex-chat-1.0.1-756RvUPisyT7gsYObFpxWS-ghc8.10.7.a */,
			);
			path = Libraries;
			sourceTree = "<group>";
		};
		5C764E7A279C71D4000C6508 /* Frameworks */ = {
			isa = PBXGroup;
			children = (
				5C764E7C279C71DB000C6508 /* libz.tbd */,
				5C764E7B279C71D4000C6508 /* libiconv.tbd */,
			);
			name = Frameworks;
			sourceTree = "<group>";
		};
		5C764E87279CBC8E000C6508 /* Model */ = {
			isa = PBXGroup;
			children = (
				5C764E88279CBCB3000C6508 /* ChatModel.swift */,
			);
			path = Model;
			sourceTree = "<group>";
		};
		5CA059BD279559F40002BEB4 = {
			isa = PBXGroup;
			children = (
				5C764E5C279C70B7000C6508 /* Libraries */,
				5CA059C2279559F40002BEB4 /* Shared */,
				5CA059D1279559F40002BEB4 /* macOS */,
				5CA059DA279559F40002BEB4 /* Tests iOS */,
				5CA059E6279559F40002BEB4 /* Tests macOS */,
				5CA059CB279559F40002BEB4 /* Products */,
				5C764E7A279C71D4000C6508 /* Frameworks */,
			);
			sourceTree = "<group>";
		};
		5CA059C2279559F40002BEB4 /* Shared */ = {
			isa = PBXGroup;
			children = (
				5C764E87279CBC8E000C6508 /* Model */,
				5CA059C3279559F40002BEB4 /* SimpleXApp.swift */,
				5C764E7F279C7276000C6508 /* dummy.m */,
				5CA059C4279559F40002BEB4 /* ContentView.swift */,
				5CA05A4B27974EB60002BEB4 /* ProfileView.swift */,
				5CA05A4E279752D00002BEB4 /* MessageView.swift */,
				5CA059C5279559F40002BEB4 /* Assets.xcassets */,
				5C764E7D279C7275000C6508 /* SimpleX (iOS)-Bridging-Header.h */,
				5C764E7E279C7275000C6508 /* SimpleX (macOS)-Bridging-Header.h */,
			);
			path = Shared;
			sourceTree = "<group>";
		};
		5CA059CB279559F40002BEB4 /* Products */ = {
			isa = PBXGroup;
			children = (
				5CA059CA279559F40002BEB4 /* SimpleX.app */,
				5CA059D0279559F40002BEB4 /* SimpleX.app */,
				5CA059D7279559F40002BEB4 /* Tests iOS.xctest */,
				5CA059E3279559F40002BEB4 /* Tests macOS.xctest */,
			);
			name = Products;
			sourceTree = "<group>";
		};
		5CA059D1279559F40002BEB4 /* macOS */ = {
			isa = PBXGroup;
			children = (
			);
			path = macOS;
			sourceTree = "<group>";
		};
		5CA059DA279559F40002BEB4 /* Tests iOS */ = {
			isa = PBXGroup;
			children = (
				5CA059DB279559F40002BEB4 /* Tests_iOS.swift */,
				5CA059DD279559F40002BEB4 /* Tests_iOSLaunchTests.swift */,
			);
			path = "Tests iOS";
			sourceTree = "<group>";
		};
		5CA059E6279559F40002BEB4 /* Tests macOS */ = {
			isa = PBXGroup;
			children = (
				5CA059E7279559F40002BEB4 /* Tests_macOS.swift */,
				5CA059E9279559F40002BEB4 /* Tests_macOSLaunchTests.swift */,
			);
			path = "Tests macOS";
			sourceTree = "<group>";
		};
/* End PBXGroup section */

/* Begin PBXNativeTarget section */
		5CA059C9279559F40002BEB4 /* SimpleX (iOS) */ = {
			isa = PBXNativeTarget;
			buildConfigurationList = 5CA059F3279559F40002BEB4 /* Build configuration list for PBXNativeTarget "SimpleX (iOS)" */;
			buildPhases = (
				5CA059C6279559F40002BEB4 /* Sources */,
				5CA059C7279559F40002BEB4 /* Frameworks */,
				5CA059C8279559F40002BEB4 /* Resources */,
			);
			buildRules = (
			);
			dependencies = (
			);
			name = "SimpleX (iOS)";
			productName = "SimpleX (iOS)";
			productReference = 5CA059CA279559F40002BEB4 /* SimpleX.app */;
			productType = "com.apple.product-type.application";
		};
		5CA059CF279559F40002BEB4 /* SimpleX (macOS) */ = {
			isa = PBXNativeTarget;
			buildConfigurationList = 5CA059F6279559F40002BEB4 /* Build configuration list for PBXNativeTarget "SimpleX (macOS)" */;
			buildPhases = (
				5CA059CC279559F40002BEB4 /* Sources */,
				5CA059CD279559F40002BEB4 /* Frameworks */,
				5CA059CE279559F40002BEB4 /* Resources */,
			);
			buildRules = (
			);
			dependencies = (
			);
			name = "SimpleX (macOS)";
			productName = "SimpleX (macOS)";
			productReference = 5CA059D0279559F40002BEB4 /* SimpleX.app */;
			productType = "com.apple.product-type.application";
		};
		5CA059D6279559F40002BEB4 /* Tests iOS */ = {
			isa = PBXNativeTarget;
			buildConfigurationList = 5CA059F9279559F40002BEB4 /* Build configuration list for PBXNativeTarget "Tests iOS" */;
			buildPhases = (
				5CA059D3279559F40002BEB4 /* Sources */,
				5CA059D4279559F40002BEB4 /* Frameworks */,
				5CA059D5279559F40002BEB4 /* Resources */,
			);
			buildRules = (
			);
			dependencies = (
				5CA059D9279559F40002BEB4 /* PBXTargetDependency */,
			);
			name = "Tests iOS";
			productName = "Tests iOS";
			productReference = 5CA059D7279559F40002BEB4 /* Tests iOS.xctest */;
			productType = "com.apple.product-type.bundle.ui-testing";
		};
		5CA059E2279559F40002BEB4 /* Tests macOS */ = {
			isa = PBXNativeTarget;
			buildConfigurationList = 5CA059FC279559F40002BEB4 /* Build configuration list for PBXNativeTarget "Tests macOS" */;
			buildPhases = (
				5CA059DF279559F40002BEB4 /* Sources */,
				5CA059E0279559F40002BEB4 /* Frameworks */,
				5CA059E1279559F40002BEB4 /* Resources */,
			);
			buildRules = (
			);
			dependencies = (
				5CA059E5279559F40002BEB4 /* PBXTargetDependency */,
			);
			name = "Tests macOS";
			productName = "Tests macOS";
			productReference = 5CA059E3279559F40002BEB4 /* Tests macOS.xctest */;
			productType = "com.apple.product-type.bundle.ui-testing";
		};
/* End PBXNativeTarget section */

/* Begin PBXProject section */
		5CA059BE279559F40002BEB4 /* Project object */ = {
			isa = PBXProject;
			attributes = {
				BuildIndependentTargetsInParallel = 1;
				LastSwiftUpdateCheck = 1320;
				LastUpgradeCheck = 1320;
				ORGANIZATIONNAME = "SimpleX Chat";
				TargetAttributes = {
					5CA059C9279559F40002BEB4 = {
						CreatedOnToolsVersion = 13.2.1;
						LastSwiftMigration = 1320;
					};
					5CA059CF279559F40002BEB4 = {
						CreatedOnToolsVersion = 13.2.1;
						LastSwiftMigration = 1320;
					};
					5CA059D6279559F40002BEB4 = {
						CreatedOnToolsVersion = 13.2.1;
						TestTargetID = 5CA059C9279559F40002BEB4;
					};
					5CA059E2279559F40002BEB4 = {
						CreatedOnToolsVersion = 13.2.1;
						TestTargetID = 5CA059CF279559F40002BEB4;
					};
				};
			};
			buildConfigurationList = 5CA059C1279559F40002BEB4 /* Build configuration list for PBXProject "SimpleX" */;
			compatibilityVersion = "Xcode 13.0";
			developmentRegion = en;
			hasScannedForEncodings = 0;
			knownRegions = (
				en,
				Base,
			);
			mainGroup = 5CA059BD279559F40002BEB4;
			productRefGroup = 5CA059CB279559F40002BEB4 /* Products */;
			projectDirPath = "";
			projectRoot = "";
			targets = (
				5CA059C9279559F40002BEB4 /* SimpleX (iOS) */,
				5CA059CF279559F40002BEB4 /* SimpleX (macOS) */,
				5CA059D6279559F40002BEB4 /* Tests iOS */,
				5CA059E2279559F40002BEB4 /* Tests macOS */,
			);
		};
/* End PBXProject section */

/* Begin PBXResourcesBuildPhase section */
		5CA059C8279559F40002BEB4 /* Resources */ = {
			isa = PBXResourcesBuildPhase;
			buildActionMask = 2147483647;
			files = (
				5CA059EF279559F40002BEB4 /* Assets.xcassets in Resources */,
			);
			runOnlyForDeploymentPostprocessing = 0;
		};
		5CA059CE279559F40002BEB4 /* Resources */ = {
			isa = PBXResourcesBuildPhase;
			buildActionMask = 2147483647;
			files = (
				5CA059F0279559F40002BEB4 /* Assets.xcassets in Resources */,
			);
			runOnlyForDeploymentPostprocessing = 0;
		};
		5CA059D5279559F40002BEB4 /* Resources */ = {
			isa = PBXResourcesBuildPhase;
			buildActionMask = 2147483647;
			files = (
			);
			runOnlyForDeploymentPostprocessing = 0;
		};
		5CA059E1279559F40002BEB4 /* Resources */ = {
			isa = PBXResourcesBuildPhase;
			buildActionMask = 2147483647;
			files = (
			);
			runOnlyForDeploymentPostprocessing = 0;
		};
/* End PBXResourcesBuildPhase section */

/* Begin PBXSourcesBuildPhase section */
		5CA059C6279559F40002BEB4 /* Sources */ = {
			isa = PBXSourcesBuildPhase;
			buildActionMask = 2147483647;
			files = (
				5C764E80279C7276000C6508 /* dummy.m in Sources */,
				5CA05A4F279752D00002BEB4 /* MessageView.swift in Sources */,
				5CA059ED279559F40002BEB4 /* ContentView.swift in Sources */,
				5CA05A4C27974EB60002BEB4 /* ProfileView.swift in Sources */,
				5CA059EB279559F40002BEB4 /* SimpleXApp.swift in Sources */,
				5C764E89279CBCB3000C6508 /* ChatModel.swift in Sources */,
			);
			runOnlyForDeploymentPostprocessing = 0;
		};
		5CA059CC279559F40002BEB4 /* Sources */ = {
			isa = PBXSourcesBuildPhase;
			buildActionMask = 2147483647;
			files = (
				5C764E81279C7276000C6508 /* dummy.m in Sources */,
				5CA05A50279752D00002BEB4 /* MessageView.swift in Sources */,
				5CA059EE279559F40002BEB4 /* ContentView.swift in Sources */,
				5CA05A4D27974EB60002BEB4 /* ProfileView.swift in Sources */,
				5CA059EC279559F40002BEB4 /* SimpleXApp.swift in Sources */,
				5C764E8A279CBCB3000C6508 /* ChatModel.swift in Sources */,
			);
			runOnlyForDeploymentPostprocessing = 0;
		};
		5CA059D3279559F40002BEB4 /* Sources */ = {
			isa = PBXSourcesBuildPhase;
			buildActionMask = 2147483647;
			files = (
				5CA059DE279559F40002BEB4 /* Tests_iOSLaunchTests.swift in Sources */,
				5CA059DC279559F40002BEB4 /* Tests_iOS.swift in Sources */,
			);
			runOnlyForDeploymentPostprocessing = 0;
		};
		5CA059DF279559F40002BEB4 /* Sources */ = {
			isa = PBXSourcesBuildPhase;
			buildActionMask = 2147483647;
			files = (
				5CA059EA279559F40002BEB4 /* Tests_macOSLaunchTests.swift in Sources */,
				5CA059E8279559F40002BEB4 /* Tests_macOS.swift in Sources */,
			);
			runOnlyForDeploymentPostprocessing = 0;
		};
/* End PBXSourcesBuildPhase section */

/* Begin PBXTargetDependency section */
		5CA059D9279559F40002BEB4 /* PBXTargetDependency */ = {
			isa = PBXTargetDependency;
			target = 5CA059C9279559F40002BEB4 /* SimpleX (iOS) */;
			targetProxy = 5CA059D8279559F40002BEB4 /* PBXContainerItemProxy */;
		};
		5CA059E5279559F40002BEB4 /* PBXTargetDependency */ = {
			isa = PBXTargetDependency;
			target = 5CA059CF279559F40002BEB4 /* SimpleX (macOS) */;
			targetProxy = 5CA059E4279559F40002BEB4 /* PBXContainerItemProxy */;
		};
/* End PBXTargetDependency section */

/* Begin XCBuildConfiguration section */
		5CA059F1279559F40002BEB4 /* Debug */ = {
			isa = XCBuildConfiguration;
			buildSettings = {
				ALWAYS_SEARCH_USER_PATHS = NO;
				CLANG_ANALYZER_NONNULL = YES;
				CLANG_ANALYZER_NUMBER_OBJECT_CONVERSION = YES_AGGRESSIVE;
				CLANG_CXX_LANGUAGE_STANDARD = "gnu++17";
				CLANG_CXX_LIBRARY = "libc++";
				CLANG_ENABLE_MODULES = YES;
				CLANG_ENABLE_OBJC_ARC = YES;
				CLANG_ENABLE_OBJC_WEAK = YES;
				CLANG_WARN_BLOCK_CAPTURE_AUTORELEASING = YES;
				CLANG_WARN_BOOL_CONVERSION = YES;
				CLANG_WARN_COMMA = YES;
				CLANG_WARN_CONSTANT_CONVERSION = YES;
				CLANG_WARN_DEPRECATED_OBJC_IMPLEMENTATIONS = YES;
				CLANG_WARN_DIRECT_OBJC_ISA_USAGE = YES_ERROR;
				CLANG_WARN_DOCUMENTATION_COMMENTS = YES;
				CLANG_WARN_EMPTY_BODY = YES;
				CLANG_WARN_ENUM_CONVERSION = YES;
				CLANG_WARN_INFINITE_RECURSION = YES;
				CLANG_WARN_INT_CONVERSION = YES;
				CLANG_WARN_NON_LITERAL_NULL_CONVERSION = YES;
				CLANG_WARN_OBJC_IMPLICIT_RETAIN_SELF = YES;
				CLANG_WARN_OBJC_LITERAL_CONVERSION = YES;
				CLANG_WARN_OBJC_ROOT_CLASS = YES_ERROR;
				CLANG_WARN_QUOTED_INCLUDE_IN_FRAMEWORK_HEADER = YES;
				CLANG_WARN_RANGE_LOOP_ANALYSIS = YES;
				CLANG_WARN_STRICT_PROTOTYPES = YES;
				CLANG_WARN_SUSPICIOUS_MOVE = YES;
				CLANG_WARN_UNGUARDED_AVAILABILITY = YES_AGGRESSIVE;
				CLANG_WARN_UNREACHABLE_CODE = YES;
				CLANG_WARN__DUPLICATE_METHOD_MATCH = YES;
				COPY_PHASE_STRIP = NO;
				DEBUG_INFORMATION_FORMAT = dwarf;
				ENABLE_STRICT_OBJC_MSGSEND = YES;
				ENABLE_TESTABILITY = YES;
				GCC_C_LANGUAGE_STANDARD = gnu11;
				GCC_DYNAMIC_NO_PIC = NO;
				GCC_NO_COMMON_BLOCKS = YES;
				GCC_OPTIMIZATION_LEVEL = 0;
				GCC_PREPROCESSOR_DEFINITIONS = (
					"DEBUG=1",
					"$(inherited)",
				);
				GCC_WARN_64_TO_32_BIT_CONVERSION = YES;
				GCC_WARN_ABOUT_RETURN_TYPE = YES_ERROR;
				GCC_WARN_UNDECLARED_SELECTOR = YES;
				GCC_WARN_UNINITIALIZED_AUTOS = YES_AGGRESSIVE;
				GCC_WARN_UNUSED_FUNCTION = YES;
				GCC_WARN_UNUSED_VARIABLE = YES;
				MTL_ENABLE_DEBUG_INFO = INCLUDE_SOURCE;
				MTL_FAST_MATH = YES;
				ONLY_ACTIVE_ARCH = YES;
				SWIFT_ACTIVE_COMPILATION_CONDITIONS = DEBUG;
				SWIFT_OPTIMIZATION_LEVEL = "-Onone";
			};
			name = Debug;
		};
		5CA059F2279559F40002BEB4 /* Release */ = {
			isa = XCBuildConfiguration;
			buildSettings = {
				ALWAYS_SEARCH_USER_PATHS = NO;
				CLANG_ANALYZER_NONNULL = YES;
				CLANG_ANALYZER_NUMBER_OBJECT_CONVERSION = YES_AGGRESSIVE;
				CLANG_CXX_LANGUAGE_STANDARD = "gnu++17";
				CLANG_CXX_LIBRARY = "libc++";
				CLANG_ENABLE_MODULES = YES;
				CLANG_ENABLE_OBJC_ARC = YES;
				CLANG_ENABLE_OBJC_WEAK = YES;
				CLANG_WARN_BLOCK_CAPTURE_AUTORELEASING = YES;
				CLANG_WARN_BOOL_CONVERSION = YES;
				CLANG_WARN_COMMA = YES;
				CLANG_WARN_CONSTANT_CONVERSION = YES;
				CLANG_WARN_DEPRECATED_OBJC_IMPLEMENTATIONS = YES;
				CLANG_WARN_DIRECT_OBJC_ISA_USAGE = YES_ERROR;
				CLANG_WARN_DOCUMENTATION_COMMENTS = YES;
				CLANG_WARN_EMPTY_BODY = YES;
				CLANG_WARN_ENUM_CONVERSION = YES;
				CLANG_WARN_INFINITE_RECURSION = YES;
				CLANG_WARN_INT_CONVERSION = YES;
				CLANG_WARN_NON_LITERAL_NULL_CONVERSION = YES;
				CLANG_WARN_OBJC_IMPLICIT_RETAIN_SELF = YES;
				CLANG_WARN_OBJC_LITERAL_CONVERSION = YES;
				CLANG_WARN_OBJC_ROOT_CLASS = YES_ERROR;
				CLANG_WARN_QUOTED_INCLUDE_IN_FRAMEWORK_HEADER = YES;
				CLANG_WARN_RANGE_LOOP_ANALYSIS = YES;
				CLANG_WARN_STRICT_PROTOTYPES = YES;
				CLANG_WARN_SUSPICIOUS_MOVE = YES;
				CLANG_WARN_UNGUARDED_AVAILABILITY = YES_AGGRESSIVE;
				CLANG_WARN_UNREACHABLE_CODE = YES;
				CLANG_WARN__DUPLICATE_METHOD_MATCH = YES;
				COPY_PHASE_STRIP = NO;
				DEBUG_INFORMATION_FORMAT = "dwarf-with-dsym";
				ENABLE_NS_ASSERTIONS = NO;
				ENABLE_STRICT_OBJC_MSGSEND = YES;
				GCC_C_LANGUAGE_STANDARD = gnu11;
				GCC_NO_COMMON_BLOCKS = YES;
				GCC_WARN_64_TO_32_BIT_CONVERSION = YES;
				GCC_WARN_ABOUT_RETURN_TYPE = YES_ERROR;
				GCC_WARN_UNDECLARED_SELECTOR = YES;
				GCC_WARN_UNINITIALIZED_AUTOS = YES_AGGRESSIVE;
				GCC_WARN_UNUSED_FUNCTION = YES;
				GCC_WARN_UNUSED_VARIABLE = YES;
				MTL_ENABLE_DEBUG_INFO = NO;
				MTL_FAST_MATH = YES;
				SWIFT_COMPILATION_MODE = wholemodule;
				SWIFT_OPTIMIZATION_LEVEL = "-O";
			};
			name = Release;
		};
		5CA059F4279559F40002BEB4 /* Debug */ = {
			isa = XCBuildConfiguration;
			buildSettings = {
				ASSETCATALOG_COMPILER_APPICON_NAME = AppIcon;
				ASSETCATALOG_COMPILER_GLOBAL_ACCENT_COLOR_NAME = AccentColor;
				CLANG_ENABLE_MODULES = YES;
				CODE_SIGN_STYLE = Automatic;
				CURRENT_PROJECT_VERSION = 1;
				DEVELOPMENT_TEAM = 5NN7GUYB6T;
				ENABLE_BITCODE = NO;
				ENABLE_PREVIEWS = YES;
				GENERATE_INFOPLIST_FILE = YES;
				INFOPLIST_KEY_UIApplicationSceneManifest_Generation = YES;
				INFOPLIST_KEY_UIApplicationSupportsIndirectInputEvents = YES;
				INFOPLIST_KEY_UILaunchScreen_Generation = YES;
				INFOPLIST_KEY_UISupportedInterfaceOrientations_iPad = "UIInterfaceOrientationPortrait UIInterfaceOrientationPortraitUpsideDown UIInterfaceOrientationLandscapeLeft UIInterfaceOrientationLandscapeRight";
				INFOPLIST_KEY_UISupportedInterfaceOrientations_iPhone = "UIInterfaceOrientationPortrait UIInterfaceOrientationLandscapeLeft UIInterfaceOrientationLandscapeRight";
				IPHONEOS_DEPLOYMENT_TARGET = 15.0;
				LD_RUNPATH_SEARCH_PATHS = (
					"$(inherited)",
					"@executable_path/Frameworks",
				);
				LIBRARY_SEARCH_PATHS = (
					"$(inherited)",
					"$(PROJECT_DIR)/Libraries",
				);
				MARKETING_VERSION = 1.0;
				PRODUCT_BUNDLE_IDENTIFIER = chat.simplex.app;
				PRODUCT_NAME = SimpleX;
				SDKROOT = iphoneos;
				SWIFT_EMIT_LOC_STRINGS = YES;
				SWIFT_OBJC_BRIDGING_HEADER = "Shared/SimpleX (iOS)-Bridging-Header.h";
				SWIFT_OPTIMIZATION_LEVEL = "-Onone";
				SWIFT_VERSION = 5.0;
				TARGETED_DEVICE_FAMILY = "1,2";
			};
			name = Debug;
		};
		5CA059F5279559F40002BEB4 /* Release */ = {
			isa = XCBuildConfiguration;
			buildSettings = {
				ASSETCATALOG_COMPILER_APPICON_NAME = AppIcon;
				ASSETCATALOG_COMPILER_GLOBAL_ACCENT_COLOR_NAME = AccentColor;
				CLANG_ENABLE_MODULES = YES;
				CODE_SIGN_STYLE = Automatic;
				CURRENT_PROJECT_VERSION = 1;
				DEVELOPMENT_TEAM = 5NN7GUYB6T;
				ENABLE_BITCODE = NO;
				ENABLE_PREVIEWS = YES;
				GENERATE_INFOPLIST_FILE = YES;
				INFOPLIST_KEY_UIApplicationSceneManifest_Generation = YES;
				INFOPLIST_KEY_UIApplicationSupportsIndirectInputEvents = YES;
				INFOPLIST_KEY_UILaunchScreen_Generation = YES;
				INFOPLIST_KEY_UISupportedInterfaceOrientations_iPad = "UIInterfaceOrientationPortrait UIInterfaceOrientationPortraitUpsideDown UIInterfaceOrientationLandscapeLeft UIInterfaceOrientationLandscapeRight";
				INFOPLIST_KEY_UISupportedInterfaceOrientations_iPhone = "UIInterfaceOrientationPortrait UIInterfaceOrientationLandscapeLeft UIInterfaceOrientationLandscapeRight";
				IPHONEOS_DEPLOYMENT_TARGET = 15.0;
				LD_RUNPATH_SEARCH_PATHS = (
					"$(inherited)",
					"@executable_path/Frameworks",
				);
				LIBRARY_SEARCH_PATHS = (
					"$(inherited)",
					"$(PROJECT_DIR)/Libraries",
				);
				MARKETING_VERSION = 1.0;
				PRODUCT_BUNDLE_IDENTIFIER = chat.simplex.app;
				PRODUCT_NAME = SimpleX;
				SDKROOT = iphoneos;
				SWIFT_EMIT_LOC_STRINGS = YES;
				SWIFT_OBJC_BRIDGING_HEADER = "Shared/SimpleX (iOS)-Bridging-Header.h";
				SWIFT_VERSION = 5.0;
				TARGETED_DEVICE_FAMILY = "1,2";
				VALIDATE_PRODUCT = YES;
			};
			name = Release;
		};
		5CA059F7279559F40002BEB4 /* Debug */ = {
			isa = XCBuildConfiguration;
			buildSettings = {
				ASSETCATALOG_COMPILER_APPICON_NAME = AppIcon;
				ASSETCATALOG_COMPILER_GLOBAL_ACCENT_COLOR_NAME = AccentColor;
				CLANG_ENABLE_MODULES = YES;
				CODE_SIGN_ENTITLEMENTS = "SimpleX (macOS)Debug.entitlements";
				CODE_SIGN_STYLE = Automatic;
				COMBINE_HIDPI_IMAGES = YES;
				CURRENT_PROJECT_VERSION = 1;
				DEVELOPMENT_TEAM = 5NN7GUYB6T;
				ENABLE_HARDENED_RUNTIME = YES;
				ENABLE_PREVIEWS = YES;
				GENERATE_INFOPLIST_FILE = YES;
				INFOPLIST_FILE = "SimpleX--macOS--Info.plist";
				INFOPLIST_KEY_NSHumanReadableCopyright = "";
				LD_RUNPATH_SEARCH_PATHS = (
					"$(inherited)",
					"@executable_path/../Frameworks",
				);
				LIBRARY_SEARCH_PATHS = (
					"$(inherited)",
					"$(PROJECT_DIR)/Libraries",
				);
				MACOSX_DEPLOYMENT_TARGET = 12.1;
				MARKETING_VERSION = 1.0;
				PRODUCT_BUNDLE_IDENTIFIER = chat.simplex.app;
				PRODUCT_NAME = SimpleX;
				SDKROOT = macosx;
				SWIFT_EMIT_LOC_STRINGS = YES;
				SWIFT_OBJC_BRIDGING_HEADER = "Shared/SimpleX (macOS)-Bridging-Header.h";
				SWIFT_OPTIMIZATION_LEVEL = "-Onone";
				SWIFT_VERSION = 5.0;
			};
			name = Debug;
		};
		5CA059F8279559F40002BEB4 /* Release */ = {
			isa = XCBuildConfiguration;
			buildSettings = {
				ASSETCATALOG_COMPILER_APPICON_NAME = AppIcon;
				ASSETCATALOG_COMPILER_GLOBAL_ACCENT_COLOR_NAME = AccentColor;
				CLANG_ENABLE_MODULES = YES;
				CODE_SIGN_ENTITLEMENTS = macOS/macOS.entitlements;
				CODE_SIGN_STYLE = Automatic;
				COMBINE_HIDPI_IMAGES = YES;
				CURRENT_PROJECT_VERSION = 1;
				DEVELOPMENT_TEAM = 5NN7GUYB6T;
				ENABLE_HARDENED_RUNTIME = YES;
				ENABLE_PREVIEWS = YES;
				GENERATE_INFOPLIST_FILE = YES;
				INFOPLIST_FILE = "SimpleX--macOS--Info.plist";
				INFOPLIST_KEY_NSHumanReadableCopyright = "";
				LD_RUNPATH_SEARCH_PATHS = (
					"$(inherited)",
					"@executable_path/../Frameworks",
				);
				LIBRARY_SEARCH_PATHS = (
					"$(inherited)",
					"$(PROJECT_DIR)/Libraries",
				);
				MACOSX_DEPLOYMENT_TARGET = 12.1;
				MARKETING_VERSION = 1.0;
				PRODUCT_BUNDLE_IDENTIFIER = chat.simplex.app;
				PRODUCT_NAME = SimpleX;
				SDKROOT = macosx;
				SWIFT_EMIT_LOC_STRINGS = YES;
				SWIFT_OBJC_BRIDGING_HEADER = "Shared/SimpleX (macOS)-Bridging-Header.h";
				SWIFT_VERSION = 5.0;
			};
			name = Release;
		};
		5CA059FA279559F40002BEB4 /* Debug */ = {
			isa = XCBuildConfiguration;
			buildSettings = {
				ALWAYS_EMBED_SWIFT_STANDARD_LIBRARIES = YES;
				CODE_SIGN_STYLE = Automatic;
				CURRENT_PROJECT_VERSION = 1;
				DEVELOPMENT_TEAM = 9767FTRA3G;
				GENERATE_INFOPLIST_FILE = YES;
				IPHONEOS_DEPLOYMENT_TARGET = 15.2;
				MARKETING_VERSION = 1.0;
				PRODUCT_BUNDLE_IDENTIFIER = "chat.simplex.Tests-iOS";
				PRODUCT_NAME = "$(TARGET_NAME)";
				SDKROOT = iphoneos;
				SWIFT_EMIT_LOC_STRINGS = NO;
				SWIFT_VERSION = 5.0;
				TARGETED_DEVICE_FAMILY = "1,2";
				TEST_TARGET_NAME = "SimpleX (iOS)";
			};
			name = Debug;
		};
		5CA059FB279559F40002BEB4 /* Release */ = {
			isa = XCBuildConfiguration;
			buildSettings = {
				ALWAYS_EMBED_SWIFT_STANDARD_LIBRARIES = YES;
				CODE_SIGN_STYLE = Automatic;
				CURRENT_PROJECT_VERSION = 1;
				DEVELOPMENT_TEAM = 9767FTRA3G;
				GENERATE_INFOPLIST_FILE = YES;
				IPHONEOS_DEPLOYMENT_TARGET = 15.2;
				MARKETING_VERSION = 1.0;
				PRODUCT_BUNDLE_IDENTIFIER = "chat.simplex.Tests-iOS";
				PRODUCT_NAME = "$(TARGET_NAME)";
				SDKROOT = iphoneos;
				SWIFT_EMIT_LOC_STRINGS = NO;
				SWIFT_VERSION = 5.0;
				TARGETED_DEVICE_FAMILY = "1,2";
				TEST_TARGET_NAME = "SimpleX (iOS)";
				VALIDATE_PRODUCT = YES;
			};
			name = Release;
		};
		5CA059FD279559F40002BEB4 /* Debug */ = {
			isa = XCBuildConfiguration;
			buildSettings = {
				ALWAYS_EMBED_SWIFT_STANDARD_LIBRARIES = YES;
				CODE_SIGN_STYLE = Automatic;
				CURRENT_PROJECT_VERSION = 1;
				DEVELOPMENT_TEAM = 9767FTRA3G;
				GENERATE_INFOPLIST_FILE = YES;
				MACOSX_DEPLOYMENT_TARGET = 12.1;
				MARKETING_VERSION = 1.0;
				PRODUCT_BUNDLE_IDENTIFIER = "chat.simplex.Tests-macOS";
				PRODUCT_NAME = "$(TARGET_NAME)";
				SDKROOT = macosx;
				SWIFT_EMIT_LOC_STRINGS = NO;
				SWIFT_VERSION = 5.0;
				TEST_TARGET_NAME = "SimpleX (macOS)";
			};
			name = Debug;
		};
		5CA059FE279559F40002BEB4 /* Release */ = {
			isa = XCBuildConfiguration;
			buildSettings = {
				ALWAYS_EMBED_SWIFT_STANDARD_LIBRARIES = YES;
				CODE_SIGN_STYLE = Automatic;
				CURRENT_PROJECT_VERSION = 1;
				DEVELOPMENT_TEAM = 9767FTRA3G;
				GENERATE_INFOPLIST_FILE = YES;
				MACOSX_DEPLOYMENT_TARGET = 12.1;
				MARKETING_VERSION = 1.0;
				PRODUCT_BUNDLE_IDENTIFIER = "chat.simplex.Tests-macOS";
				PRODUCT_NAME = "$(TARGET_NAME)";
				SDKROOT = macosx;
				SWIFT_EMIT_LOC_STRINGS = NO;
				SWIFT_VERSION = 5.0;
				TEST_TARGET_NAME = "SimpleX (macOS)";
			};
			name = Release;
		};
/* End XCBuildConfiguration section */

/* Begin XCConfigurationList section */
		5CA059C1279559F40002BEB4 /* Build configuration list for PBXProject "SimpleX" */ = {
			isa = XCConfigurationList;
			buildConfigurations = (
				5CA059F1279559F40002BEB4 /* Debug */,
				5CA059F2279559F40002BEB4 /* Release */,
			);
			defaultConfigurationIsVisible = 0;
			defaultConfigurationName = Release;
		};
		5CA059F3279559F40002BEB4 /* Build configuration list for PBXNativeTarget "SimpleX (iOS)" */ = {
			isa = XCConfigurationList;
			buildConfigurations = (
				5CA059F4279559F40002BEB4 /* Debug */,
				5CA059F5279559F40002BEB4 /* Release */,
			);
			defaultConfigurationIsVisible = 0;
			defaultConfigurationName = Release;
		};
		5CA059F6279559F40002BEB4 /* Build configuration list for PBXNativeTarget "SimpleX (macOS)" */ = {
			isa = XCConfigurationList;
			buildConfigurations = (
				5CA059F7279559F40002BEB4 /* Debug */,
				5CA059F8279559F40002BEB4 /* Release */,
			);
			defaultConfigurationIsVisible = 0;
			defaultConfigurationName = Release;
		};
		5CA059F9279559F40002BEB4 /* Build configuration list for PBXNativeTarget "Tests iOS" */ = {
			isa = XCConfigurationList;
			buildConfigurations = (
				5CA059FA279559F40002BEB4 /* Debug */,
				5CA059FB279559F40002BEB4 /* Release */,
			);
			defaultConfigurationIsVisible = 0;
			defaultConfigurationName = Release;
		};
		5CA059FC279559F40002BEB4 /* Build configuration list for PBXNativeTarget "Tests macOS" */ = {
			isa = XCConfigurationList;
			buildConfigurations = (
				5CA059FD279559F40002BEB4 /* Debug */,
				5CA059FE279559F40002BEB4 /* Release */,
			);
			defaultConfigurationIsVisible = 0;
			defaultConfigurationName = Release;
		};
/* End XCConfigurationList section */
	};
	rootObject = 5CA059BE279559F40002BEB4 /* Project object */;
}
