{
  "nodes": {
    "HTTP": {
      "flake": false,
      "locked": {
        "lastModified": 1451647621,
        "narHash": "sha256-oHIyw3x0iKBexEo49YeUDV1k74ZtyYKGR2gNJXXRxts=",
        "owner": "phadej",
        "repo": "HTTP",
        "rev": "9bc0996d412fef1787449d841277ef663ad9a915",
        "type": "github"
      },
      "original": {
        "owner": "phadej",
        "repo": "HTTP",
        "type": "github"
      }
    },
    "cabal-32": {
      "flake": false,
      "locked": {
        "lastModified": 1603716527,
        "narHash": "sha256-sDbrmur9Zfp4mPKohCD8IDZfXJ0Tjxpmr2R+kg5PpSY=",
        "owner": "haskell",
        "repo": "cabal",
        "rev": "94aaa8e4720081f9c75497e2735b90f6a819b08e",
        "type": "github"
      },
      "original": {
        "owner": "haskell",
        "ref": "3.2",
        "repo": "cabal",
        "type": "github"
      }
    },
    "cabal-34": {
      "flake": false,
      "locked": {
        "lastModified": 1622475795,
        "narHash": "sha256-chwTL304Cav+7p38d9mcb+egABWmxo2Aq+xgVBgEb/U=",
        "owner": "haskell",
        "repo": "cabal",
        "rev": "b086c1995cdd616fc8d91f46a21e905cc50a1049",
        "type": "github"
      },
      "original": {
        "owner": "haskell",
        "ref": "3.4",
        "repo": "cabal",
        "type": "github"
      }
    },
    "cabal-36": {
      "flake": false,
      "locked": {
        "lastModified": 1640163203,
        "narHash": "sha256-TwDWP2CffT0j40W6zr0J1Qbu+oh3nsF1lUx9446qxZM=",
        "owner": "haskell",
        "repo": "cabal",
        "rev": "ecf418050c1821f25e2e218f1be94c31e0465df1",
        "type": "github"
      },
      "original": {
        "owner": "haskell",
        "ref": "3.6",
        "repo": "cabal",
        "type": "github"
      }
    },
    "cardano-shell": {
      "flake": false,
      "locked": {
        "lastModified": 1608537748,
        "narHash": "sha256-PulY1GfiMgKVnBci3ex4ptk2UNYMXqGjJOxcPy2KYT4=",
        "owner": "input-output-hk",
        "repo": "cardano-shell",
        "rev": "9392c75087cb9a3d453998f4230930dea3a95725",
        "type": "github"
      },
      "original": {
        "owner": "input-output-hk",
        "repo": "cardano-shell",
        "type": "github"
      }
    },
    "flake-utils": {
      "locked": {
        "lastModified": 1638122382,
        "narHash": "sha256-sQzZzAbvKEqN9s0bzWuYmRaA03v40gaJ4+iL1LXjaeI=",
        "owner": "numtide",
        "repo": "flake-utils",
        "rev": "74f7e4319258e287b0f9cb95426c9853b282730b",
        "type": "github"
      },
      "original": {
        "owner": "numtide",
        "repo": "flake-utils",
        "type": "github"
      }
    },
    "flake-utils_2": {
      "locked": {
        "lastModified": 1623875721,
        "narHash": "sha256-A8BU7bjS5GirpAUv4QA+QnJ4CceLHkcXdRp4xITDB0s=",
        "owner": "numtide",
        "repo": "flake-utils",
        "rev": "f7e004a55b120c02ecb6219596820fcd32ca8772",
        "type": "github"
      },
      "original": {
        "owner": "numtide",
        "repo": "flake-utils",
        "type": "github"
      }
    },
    "ghc-8.6.5-iohk": {
      "flake": false,
      "locked": {
        "lastModified": 1600920045,
        "narHash": "sha256-DO6kxJz248djebZLpSzTGD6s8WRpNI9BTwUeOf5RwY8=",
        "owner": "input-output-hk",
        "repo": "ghc",
        "rev": "95713a6ecce4551240da7c96b6176f980af75cae",
        "type": "github"
      },
      "original": {
        "owner": "input-output-hk",
        "ref": "release/8.6.5-iohk",
        "repo": "ghc",
        "type": "github"
      }
    },
    "hackage": {
      "flake": false,
      "locked": {
        "lastModified": 1655687627,
        "narHash": "sha256-E1uyic0vWHC6gtz2FYtnFE3JWhvmmBj1TU93qoJSxdg=",
        "owner": "input-output-hk",
        "repo": "hackage.nix",
        "rev": "6634069475ef594a8a2be6c33301ba7e59149980",
        "type": "github"
      },
      "original": {
        "owner": "input-output-hk",
        "repo": "hackage.nix",
        "type": "github"
      }
    },
    "haskellNix": {
      "inputs": {
        "HTTP": "HTTP",
        "cabal-32": "cabal-32",
        "cabal-34": "cabal-34",
        "cabal-36": "cabal-36",
        "cardano-shell": "cardano-shell",
        "flake-utils": "flake-utils_2",
        "ghc-8.6.5-iohk": "ghc-8.6.5-iohk",
        "hackage": [
          "hackage"
        ],
        "hpc-coveralls": "hpc-coveralls",
        "nix-tools": "nix-tools",
        "nixpkgs": [
          "nixpkgs"
        ],
        "nixpkgs-2003": "nixpkgs-2003",
        "nixpkgs-2105": "nixpkgs-2105",
        "nixpkgs-2111": "nixpkgs-2111",
        "nixpkgs-unstable": "nixpkgs-unstable",
        "old-ghc-nix": "old-ghc-nix",
        "stackage": "stackage"
      },
      "locked": {
        "lastModified": 1643019329,
        "narHash": "sha256-So77czYvvD0jt4GJeypkqw3VNn20ype5tHnHri2s5lg=",
        "owner": "input-output-hk",
        "repo": "haskell.nix",
        "rev": "ddc654e2e7e44617bfc17a5aed2a0947d3e192cc",
        "type": "github"
      },
      "original": {
        "owner": "input-output-hk",
        "ref": "angerman/android-static",
        "repo": "haskell.nix",
        "type": "github"
      }
    },
    "hpc-coveralls": {
      "flake": false,
      "locked": {
        "lastModified": 1607498076,
        "narHash": "sha256-8uqsEtivphgZWYeUo5RDUhp6bO9j2vaaProQxHBltQk=",
        "owner": "sevanspowell",
        "repo": "hpc-coveralls",
        "rev": "14df0f7d229f4cd2e79f8eabb1a740097fdfa430",
        "type": "github"
      },
      "original": {
        "owner": "sevanspowell",
        "repo": "hpc-coveralls",
        "type": "github"
      }
    },
    "nix-tools": {
      "flake": false,
      "locked": {
        "lastModified": 1636018067,
        "narHash": "sha256-ng306fkuwr6V/malWtt3979iAC4yMVDDH2ViwYB6sQE=",
        "owner": "input-output-hk",
        "repo": "nix-tools",
        "rev": "ed5bd7215292deba55d6ab7a4e8c21f8b1564dda",
        "type": "github"
      },
      "original": {
        "owner": "input-output-hk",
        "repo": "nix-tools",
        "type": "github"
      }
    },
    "nixpkgs": {
      "locked": {
        "lastModified": 1641457028,
        "narHash": "sha256-bA31xSpdSIo+rJMbHPurlxIsP/b6bbN+jvXOqyn2lR8=",
        "owner": "angerman",
        "repo": "nixpkgs",
        "rev": "7b049e87e9b371f9ea6648aa8f1f2d17b2e31ae5",
        "type": "github"
      },
      "original": {
        "owner": "angerman",
        "ref": "patch-1",
        "repo": "nixpkgs",
        "type": "github"
      }
    },
    "nixpkgs-2003": {
      "locked": {
        "lastModified": 1620055814,
        "narHash": "sha256-8LEHoYSJiL901bTMVatq+rf8y7QtWuZhwwpKE2fyaRY=",
        "owner": "NixOS",
        "repo": "nixpkgs",
        "rev": "1db42b7fe3878f3f5f7a4f2dc210772fd080e205",
        "type": "github"
      },
      "original": {
        "owner": "NixOS",
        "ref": "nixpkgs-20.03-darwin",
        "repo": "nixpkgs",
        "type": "github"
      }
    },
    "nixpkgs-2105": {
      "locked": {
        "lastModified": 1640283157,
        "narHash": "sha256-6Ddfop+rKE+Gl9Tjp9YIrkfoYPzb8F80ergdjcq3/MY=",
        "owner": "NixOS",
        "repo": "nixpkgs",
        "rev": "dde1557825c5644c869c5efc7448dc03722a8f09",
        "type": "github"
      },
      "original": {
        "owner": "NixOS",
        "ref": "nixpkgs-21.05-darwin",
        "repo": "nixpkgs",
        "type": "github"
      }
    },
    "nixpkgs-2111": {
      "locked": {
        "lastModified": 1640283207,
        "narHash": "sha256-SCwl7ZnCfMDsuSYvwIroiAlk7n33bW8HFfY8NvKhcPA=",
        "owner": "NixOS",
        "repo": "nixpkgs",
        "rev": "64c7e3388bbd9206e437713351e814366e0c3284",
        "type": "github"
      },
      "original": {
        "owner": "NixOS",
        "ref": "nixpkgs-21.11-darwin",
        "repo": "nixpkgs",
        "type": "github"
      }
    },
    "nixpkgs-unstable": {
      "locked": {
        "lastModified": 1641285291,
        "narHash": "sha256-KYaOBNGar3XWTxTsYPr9P6u74KAqNq0wobEC236U+0c=",
        "owner": "NixOS",
        "repo": "nixpkgs",
        "rev": "0432195a4b8d68faaa7d3d4b355260a3120aeeae",
        "type": "github"
      },
      "original": {
        "owner": "NixOS",
        "ref": "nixpkgs-unstable",
        "repo": "nixpkgs",
        "type": "github"
      }
    },
    "old-ghc-nix": {
      "flake": false,
      "locked": {
        "lastModified": 1631092763,
        "narHash": "sha256-sIKgO+z7tj4lw3u6oBZxqIhDrzSkvpHtv0Kki+lh9Fg=",
        "owner": "angerman",
        "repo": "old-ghc-nix",
        "rev": "af48a7a7353e418119b6dfe3cd1463a657f342b8",
        "type": "github"
      },
      "original": {
        "owner": "angerman",
        "ref": "master",
        "repo": "old-ghc-nix",
        "type": "github"
      }
    },
    "root": {
      "inputs": {
        "flake-utils": "flake-utils",
        "hackage": "hackage",
        "haskellNix": "haskellNix",
        "nixpkgs": "nixpkgs"
      }
    },
    "stackage": {
      "flake": false,
      "locked": {
        "lastModified": 1642986888,
        "narHash": "sha256-oxG7LzlJdjKTJgSv7diKWsGTETDZMPT2mNNLbrBfiVs=",
        "owner": "input-output-hk",
        "repo": "stackage.nix",
        "rev": "aeaf5fe21874f01702f394d01e18f472be6e3e08",
        "type": "github"
      },
      "original": {
        "owner": "input-output-hk",
        "repo": "stackage.nix",
        "type": "github"
      }
    }
  },
  "root": "root",
  "version": 7
}
