# This file was autogenerated by Stack.
# You should not edit this file by hand.
# For more information, please see the documentation at:
#   https://docs.haskellstack.org/en/stable/lock_files

packages: []
snapshots:
- completed:
    size: 491373
    url: https://raw.githubusercontent.com/commercialhaskell/stackage-snapshots/master/lts/15/3.yaml
    sha256: 29e9ff61b8bf4b4fcff55cde3ac106ebb971f0d21331dccac9eee63374fa6ca8
  original: lts-15.3
