// !$*UTF8*$!
{
	archiveVersion = 1;
	classes = {
	};
	objectVersion = 55;
	objects = {

/* Begin PBXBuildFile section */
		5CBF96A9272D9CA60021E76D /* SimpleX_ChatApp.swift in Sources */ = {isa = PBXBuildFile; fileRef = 5CBF96A8272D9CA60021E76D /* SimpleX_ChatApp.swift */; };
		5CBF96AB272D9CA60021E76D /* ContentView.swift in Sources */ = {isa = PBXBuildFile; fileRef = 5CBF96AA272D9CA60021E76D /* ContentView.swift */; };
		5CBF96AD272D9CA90021E76D /* Assets.xcassets in Resources */ = {isa = PBXBuildFile; fileRef = 5CBF96AC272D9CA90021E76D /* Assets.xcassets */; };
		5CBF96B0272D9CA90021E76D /* Preview Assets.xcassets in Resources */ = {isa = PBXBuildFile; fileRef = 5CBF96AF272D9CA90021E76D /* Preview Assets.xcassets */; };
		5CBF96BA272D9CAA0021E76D /* SimpleX_ChatTests.swift in Sources */ = {isa = PBXBuildFile; fileRef = 5CBF96B9272D9CAA0021E76D /* SimpleX_ChatTests.swift */; };
		5CBF96C4272D9CAA0021E76D /* SimpleX_ChatUITests.swift in Sources */ = {isa = PBXBuildFile; fileRef = 5CBF96C3272D9CAA0021E76D /* SimpleX_ChatUITests.swift */; };
		5CBF96C6272D9CAA0021E76D /* SimpleX_ChatUITestsLaunchTests.swift in Sources */ = {isa = PBXBuildFile; fileRef = 5CBF96C5272D9CAA0021E76D /* SimpleX_ChatUITestsLaunchTests.swift */; };
/* End PBXBuildFile section */

/* Begin PBXContainerItemProxy section */
		5CBF96B6272D9CAA0021E76D /* PBXContainerItemProxy */ = {
			isa = PBXContainerItemProxy;
			containerPortal = 5CBF969D272D9CA60021E76D /* Project object */;
			proxyType = 1;
			remoteGlobalIDString = 5CBF96A4272D9CA60021E76D;
			remoteInfo = "SimpleX Chat";
		};
		5CBF96C0272D9CAA0021E76D /* PBXContainerItemProxy */ = {
			isa = PBXContainerItemProxy;
			containerPortal = 5CBF969D272D9CA60021E76D /* Project object */;
			proxyType = 1;
			remoteGlobalIDString = 5CBF96A4272D9CA60021E76D;
			remoteInfo = "SimpleX Chat";
		};
/* End PBXContainerItemProxy section */

/* Begin PBXFileReference section */
		5CBF96A5272D9CA60021E76D /* SimpleX Chat.app */ = {isa = PBXFileReference; explicitFileType = wrapper.application; includeInIndex = 0; path = "SimpleX Chat.app"; sourceTree = BUILT_PRODUCTS_DIR; };
		5CBF96A8272D9CA60021E76D /* SimpleX_ChatApp.swift */ = {isa = PBXFileReference; lastKnownFileType = sourcecode.swift; path = SimpleX_ChatApp.swift; sourceTree = "<group>"; };
		5CBF96AA272D9CA60021E76D /* ContentView.swift */ = {isa = PBXFileReference; lastKnownFileType = sourcecode.swift; path = ContentView.swift; sourceTree = "<group>"; };
		5CBF96AC272D9CA90021E76D /* Assets.xcassets */ = {isa = PBXFileReference; lastKnownFileType = folder.assetcatalog; path = Assets.xcassets; sourceTree = "<group>"; };
		5CBF96AF272D9CA90021E76D /* Preview Assets.xcassets */ = {isa = PBXFileReference; lastKnownFileType = folder.assetcatalog; path = "Preview Assets.xcassets"; sourceTree = "<group>"; };
		5CBF96B5272D9CAA0021E76D /* SimpleX ChatTests.xctest */ = {isa = PBXFileReference; explicitFileType = wrapper.cfbundle; includeInIndex = 0; path = "SimpleX ChatTests.xctest"; sourceTree = BUILT_PRODUCTS_DIR; };
		5CBF96B9272D9CAA0021E76D /* SimpleX_ChatTests.swift */ = {isa = PBXFileReference; lastKnownFileType = sourcecode.swift; path = SimpleX_ChatTests.swift; sourceTree = "<group>"; };
		5CBF96BF272D9CAA0021E76D /* SimpleX ChatUITests.xctest */ = {isa = PBXFileReference; explicitFileType = wrapper.cfbundle; includeInIndex = 0; path = "SimpleX ChatUITests.xctest"; sourceTree = BUILT_PRODUCTS_DIR; };
		5CBF96C3272D9CAA0021E76D /* SimpleX_ChatUITests.swift */ = {isa = PBXFileReference; lastKnownFileType = sourcecode.swift; path = SimpleX_ChatUITests.swift; sourceTree = "<group>"; };
		5CBF96C5272D9CAA0021E76D /* SimpleX_ChatUITestsLaunchTests.swift */ = {isa = PBXFileReference; lastKnownFileType = sourcecode.swift; path = SimpleX_ChatUITestsLaunchTests.swift; sourceTree = "<group>"; };
/* End PBXFileReference section */

/* Begin PBXFrameworksBuildPhase section */
		5CBF96A2272D9CA60021E76D /* Frameworks */ = {
			isa = PBXFrameworksBuildPhase;
			buildActionMask = 2147483647;
			files = (
			);
			runOnlyForDeploymentPostprocessing = 0;
		};
		5CBF96B2272D9CAA0021E76D /* Frameworks */ = {
			isa = PBXFrameworksBuildPhase;
			buildActionMask = 2147483647;
			files = (
			);
			runOnlyForDeploymentPostprocessing = 0;
		};
		5CBF96BC272D9CAA0021E76D /* Frameworks */ = {
			isa = PBXFrameworksBuildPhase;
			buildActionMask = 2147483647;
			files = (
			);
			runOnlyForDeploymentPostprocessing = 0;
		};
/* End PBXFrameworksBuildPhase section */

/* Begin PBXGroup section */
		5CBF969C272D9CA60021E76D = {
			isa = PBXGroup;
			children = (
				5CBF96A7272D9CA60021E76D /* SimpleX Chat */,
				5CBF96B8272D9CAA0021E76D /* SimpleX ChatTests */,
				5CBF96C2272D9CAA0021E76D /* SimpleX ChatUITests */,
				5CBF96A6272D9CA60021E76D /* Products */,
			);
			sourceTree = "<group>";
		};
		5CBF96A6272D9CA60021E76D /* Products */ = {
			isa = PBXGroup;
			children = (
				5CBF96A5272D9CA60021E76D /* SimpleX Chat.app */,
				5CBF96B5272D9CAA0021E76D /* SimpleX ChatTests.xctest */,
				5CBF96BF272D9CAA0021E76D /* SimpleX ChatUITests.xctest */,
			);
			name = Products;
			sourceTree = "<group>";
		};
		5CBF96A7272D9CA60021E76D /* SimpleX Chat */ = {
			isa = PBXGroup;
			children = (
				5CBF96A8272D9CA60021E76D /* SimpleX_ChatApp.swift */,
				5CBF96AA272D9CA60021E76D /* ContentView.swift */,
				5CBF96AC272D9CA90021E76D /* Assets.xcassets */,
				5CBF96AE272D9CA90021E76D /* Preview Content */,
			);
			path = "SimpleX Chat";
			sourceTree = "<group>";
		};
		5CBF96AE272D9CA90021E76D /* Preview Content */ = {
			isa = PBXGroup;
			children = (
				5CBF96AF272D9CA90021E76D /* Preview Assets.xcassets */,
			);
			path = "Preview Content";
			sourceTree = "<group>";
		};
		5CBF96B8272D9CAA0021E76D /* SimpleX ChatTests */ = {
			isa = PBXGroup;
			children = (
				5CBF96B9272D9CAA0021E76D /* SimpleX_ChatTests.swift */,
			);
			path = "SimpleX ChatTests";
			sourceTree = "<group>";
		};
		5CBF96C2272D9CAA0021E76D /* SimpleX ChatUITests */ = {
			isa = PBXGroup;
			children = (
				5CBF96C3272D9CAA0021E76D /* SimpleX_ChatUITests.swift */,
				5CBF96C5272D9CAA0021E76D /* SimpleX_ChatUITestsLaunchTests.swift */,
			);
			path = "SimpleX ChatUITests";
			sourceTree = "<group>";
		};
/* End PBXGroup section */

/* Begin PBXNativeTarget section */
		5CBF96A4272D9CA60021E76D /* SimpleX Chat */ = {
			isa = PBXNativeTarget;
			buildConfigurationList = 5CBF96C9272D9CAA0021E76D /* Build configuration list for PBXNativeTarget "SimpleX Chat" */;
			buildPhases = (
				5CBF96A1272D9CA60021E76D /* Sources */,
				5CBF96A2272D9CA60021E76D /* Frameworks */,
				5CBF96A3272D9CA60021E76D /* Resources */,
			);
			buildRules = (
			);
			dependencies = (
			);
			name = "SimpleX Chat";
			productName = "SimpleX Chat";
			productReference = 5CBF96A5272D9CA60021E76D /* SimpleX Chat.app */;
			productType = "com.apple.product-type.application";
		};
		5CBF96B4272D9CAA0021E76D /* SimpleX ChatTests */ = {
			isa = PBXNativeTarget;
			buildConfigurationList = 5CBF96CC272D9CAA0021E76D /* Build configuration list for PBXNativeTarget "SimpleX ChatTests" */;
			buildPhases = (
				5CBF96B1272D9CAA0021E76D /* Sources */,
				5CBF96B2272D9CAA0021E76D /* Frameworks */,
				5CBF96B3272D9CAA0021E76D /* Resources */,
			);
			buildRules = (
			);
			dependencies = (
				5CBF96B7272D9CAA0021E76D /* PBXTargetDependency */,
			);
			name = "SimpleX ChatTests";
			productName = "SimpleX ChatTests";
			productReference = 5CBF96B5272D9CAA0021E76D /* SimpleX ChatTests.xctest */;
			productType = "com.apple.product-type.bundle.unit-test";
		};
		5CBF96BE272D9CAA0021E76D /* SimpleX ChatUITests */ = {
			isa = PBXNativeTarget;
			buildConfigurationList = 5CBF96CF272D9CAA0021E76D /* Build configuration list for PBXNativeTarget "SimpleX ChatUITests" */;
			buildPhases = (
				5CBF96BB272D9CAA0021E76D /* Sources */,
				5CBF96BC272D9CAA0021E76D /* Frameworks */,
				5CBF96BD272D9CAA0021E76D /* Resources */,
			);
			buildRules = (
			);
			dependencies = (
				5CBF96C1272D9CAA0021E76D /* PBXTargetDependency */,
			);
			name = "SimpleX ChatUITests";
			productName = "SimpleX ChatUITests";
			productReference = 5CBF96BF272D9CAA0021E76D /* SimpleX ChatUITests.xctest */;
			productType = "com.apple.product-type.bundle.ui-testing";
		};
/* End PBXNativeTarget section */

/* Begin PBXProject section */
		5CBF969D272D9CA60021E76D /* Project object */ = {
			isa = PBXProject;
			attributes = {
				BuildIndependentTargetsInParallel = 1;
				LastSwiftUpdateCheck = 1310;
				LastUpgradeCheck = 1310;
				TargetAttributes = {
					5CBF96A4272D9CA60021E76D = {
						CreatedOnToolsVersion = 13.1;
					};
					5CBF96B4272D9CAA0021E76D = {
						CreatedOnToolsVersion = 13.1;
						TestTargetID = 5CBF96A4272D9CA60021E76D;
					};
					5CBF96BE272D9CAA0021E76D = {
						CreatedOnToolsVersion = 13.1;
						TestTargetID = 5CBF96A4272D9CA60021E76D;
					};
				};
			};
			buildConfigurationList = 5CBF96A0272D9CA60021E76D /* Build configuration list for PBXProject "SimpleX Chat" */;
			compatibilityVersion = "Xcode 13.0";
			developmentRegion = en;
			hasScannedForEncodings = 0;
			knownRegions = (
				en,
				Base,
			);
			mainGroup = 5CBF969C272D9CA60021E76D;
			productRefGroup = 5CBF96A6272D9CA60021E76D /* Products */;
			projectDirPath = "";
			projectRoot = "";
			targets = (
				5CBF96A4272D9CA60021E76D /* SimpleX Chat */,
				5CBF96B4272D9CAA0021E76D /* SimpleX ChatTests */,
				5CBF96BE272D9CAA0021E76D /* SimpleX ChatUITests */,
			);
		};
/* End PBXProject section */

/* Begin PBXResourcesBuildPhase section */
		5CBF96A3272D9CA60021E76D /* Resources */ = {
			isa = PBXResourcesBuildPhase;
			buildActionMask = 2147483647;
			files = (
				5CBF96B0272D9CA90021E76D /* Preview Assets.xcassets in Resources */,
				5CBF96AD272D9CA90021E76D /* Assets.xcassets in Resources */,
			);
			runOnlyForDeploymentPostprocessing = 0;
		};
		5CBF96B3272D9CAA0021E76D /* Resources */ = {
			isa = PBXResourcesBuildPhase;
			buildActionMask = 2147483647;
			files = (
			);
			runOnlyForDeploymentPostprocessing = 0;
		};
		5CBF96BD272D9CAA0021E76D /* Resources */ = {
			isa = PBXResourcesBuildPhase;
			buildActionMask = 2147483647;
			files = (
			);
			runOnlyForDeploymentPostprocessing = 0;
		};
/* End PBXResourcesBuildPhase section */

/* Begin PBXSourcesBuildPhase section */
		5CBF96A1272D9CA60021E76D /* Sources */ = {
			isa = PBXSourcesBuildPhase;
			buildActionMask = 2147483647;
			files = (
				5CBF96AB272D9CA60021E76D /* ContentView.swift in Sources */,
				5CBF96A9272D9CA60021E76D /* SimpleX_ChatApp.swift in Sources */,
			);
			runOnlyForDeploymentPostprocessing = 0;
		};
		5CBF96B1272D9CAA0021E76D /* Sources */ = {
			isa = PBXSourcesBuildPhase;
			buildActionMask = 2147483647;
			files = (
				5CBF96BA272D9CAA0021E76D /* SimpleX_ChatTests.swift in Sources */,
			);
			runOnlyForDeploymentPostprocessing = 0;
		};
		5CBF96BB272D9CAA0021E76D /* Sources */ = {
			isa = PBXSourcesBuildPhase;
			buildActionMask = 2147483647;
			files = (
				5CBF96C4272D9CAA0021E76D /* SimpleX_ChatUITests.swift in Sources */,
				5CBF96C6272D9CAA0021E76D /* SimpleX_ChatUITestsLaunchTests.swift in Sources */,
			);
			runOnlyForDeploymentPostprocessing = 0;
		};
/* End PBXSourcesBuildPhase section */

/* Begin PBXTargetDependency section */
		5CBF96B7272D9CAA0021E76D /* PBXTargetDependency */ = {
			isa = PBXTargetDependency;
			target = 5CBF96A4272D9CA60021E76D /* SimpleX Chat */;
			targetProxy = 5CBF96B6272D9CAA0021E76D /* PBXContainerItemProxy */;
		};
		5CBF96C1272D9CAA0021E76D /* PBXTargetDependency */ = {
			isa = PBXTargetDependency;
			target = 5CBF96A4272D9CA60021E76D /* SimpleX Chat */;
			targetProxy = 5CBF96C0272D9CAA0021E76D /* PBXContainerItemProxy */;
		};
/* End PBXTargetDependency section */

/* Begin XCBuildConfiguration section */
		5CBF96C7272D9CAA0021E76D /* Debug */ = {
			isa = XCBuildConfiguration;
			buildSettings = {
				ALWAYS_SEARCH_USER_PATHS = NO;
				CLANG_ANALYZER_NONNULL = YES;
				CLANG_ANALYZER_NUMBER_OBJECT_CONVERSION = YES_AGGRESSIVE;
				CLANG_CXX_LANGUAGE_STANDARD = "gnu++17";
				CLANG_CXX_LIBRARY = "libc++";
				CLANG_ENABLE_MODULES = YES;
				CLANG_ENABLE_OBJC_ARC = YES;
				CLANG_ENABLE_OBJC_WEAK = YES;
				CLANG_WARN_BLOCK_CAPTURE_AUTORELEASING = YES;
				CLANG_WARN_BOOL_CONVERSION = YES;
				CLANG_WARN_COMMA = YES;
				CLANG_WARN_CONSTANT_CONVERSION = YES;
				CLANG_WARN_DEPRECATED_OBJC_IMPLEMENTATIONS = YES;
				CLANG_WARN_DIRECT_OBJC_ISA_USAGE = YES_ERROR;
				CLANG_WARN_DOCUMENTATION_COMMENTS = YES;
				CLANG_WARN_EMPTY_BODY = YES;
				CLANG_WARN_ENUM_CONVERSION = YES;
				CLANG_WARN_INFINITE_RECURSION = YES;
				CLANG_WARN_INT_CONVERSION = YES;
				CLANG_WARN_NON_LITERAL_NULL_CONVERSION = YES;
				CLANG_WARN_OBJC_IMPLICIT_RETAIN_SELF = YES;
				CLANG_WARN_OBJC_LITERAL_CONVERSION = YES;
				CLANG_WARN_OBJC_ROOT_CLASS = YES_ERROR;
				CLANG_WARN_QUOTED_INCLUDE_IN_FRAMEWORK_HEADER = YES;
				CLANG_WARN_RANGE_LOOP_ANALYSIS = YES;
				CLANG_WARN_STRICT_PROTOTYPES = YES;
				CLANG_WARN_SUSPICIOUS_MOVE = YES;
				CLANG_WARN_UNGUARDED_AVAILABILITY = YES_AGGRESSIVE;
				CLANG_WARN_UNREACHABLE_CODE = YES;
				CLANG_WARN__DUPLICATE_METHOD_MATCH = YES;
				COPY_PHASE_STRIP = NO;
				DEBUG_INFORMATION_FORMAT = dwarf;
				ENABLE_STRICT_OBJC_MSGSEND = YES;
				ENABLE_TESTABILITY = YES;
				GCC_C_LANGUAGE_STANDARD = gnu11;
				GCC_DYNAMIC_NO_PIC = NO;
				GCC_NO_COMMON_BLOCKS = YES;
				GCC_OPTIMIZATION_LEVEL = 0;
				GCC_PREPROCESSOR_DEFINITIONS = (
					"DEBUG=1",
					"$(inherited)",
				);
				GCC_WARN_64_TO_32_BIT_CONVERSION = YES;
				GCC_WARN_ABOUT_RETURN_TYPE = YES_ERROR;
				GCC_WARN_UNDECLARED_SELECTOR = YES;
				GCC_WARN_UNINITIALIZED_AUTOS = YES_AGGRESSIVE;
				GCC_WARN_UNUSED_FUNCTION = YES;
				GCC_WARN_UNUSED_VARIABLE = YES;
				IPHONEOS_DEPLOYMENT_TARGET = 15.0;
				MTL_ENABLE_DEBUG_INFO = INCLUDE_SOURCE;
				MTL_FAST_MATH = YES;
				ONLY_ACTIVE_ARCH = YES;
				SDKROOT = iphoneos;
				SWIFT_ACTIVE_COMPILATION_CONDITIONS = DEBUG;
				SWIFT_OPTIMIZATION_LEVEL = "-Onone";
			};
			name = Debug;
		};
		5CBF96C8272D9CAA0021E76D /* Release */ = {
			isa = XCBuildConfiguration;
			buildSettings = {
				ALWAYS_SEARCH_USER_PATHS = NO;
				CLANG_ANALYZER_NONNULL = YES;
				CLANG_ANALYZER_NUMBER_OBJECT_CONVERSION = YES_AGGRESSIVE;
				CLANG_CXX_LANGUAGE_STANDARD = "gnu++17";
				CLANG_CXX_LIBRARY = "libc++";
				CLANG_ENABLE_MODULES = YES;
				CLANG_ENABLE_OBJC_ARC = YES;
				CLANG_ENABLE_OBJC_WEAK = YES;
				CLANG_WARN_BLOCK_CAPTURE_AUTORELEASING = YES;
				CLANG_WARN_BOOL_CONVERSION = YES;
				CLANG_WARN_COMMA = YES;
				CLANG_WARN_CONSTANT_CONVERSION = YES;
				CLANG_WARN_DEPRECATED_OBJC_IMPLEMENTATIONS = YES;
				CLANG_WARN_DIRECT_OBJC_ISA_USAGE = YES_ERROR;
				CLANG_WARN_DOCUMENTATION_COMMENTS = YES;
				CLANG_WARN_EMPTY_BODY = YES;
				CLANG_WARN_ENUM_CONVERSION = YES;
				CLANG_WARN_INFINITE_RECURSION = YES;
				CLANG_WARN_INT_CONVERSION = YES;
				CLANG_WARN_NON_LITERAL_NULL_CONVERSION = YES;
				CLANG_WARN_OBJC_IMPLICIT_RETAIN_SELF = YES;
				CLANG_WARN_OBJC_LITERAL_CONVERSION = YES;
				CLANG_WARN_OBJC_ROOT_CLASS = YES_ERROR;
				CLANG_WARN_QUOTED_INCLUDE_IN_FRAMEWORK_HEADER = YES;
				CLANG_WARN_RANGE_LOOP_ANALYSIS = YES;
				CLANG_WARN_STRICT_PROTOTYPES = YES;
				CLANG_WARN_SUSPICIOUS_MOVE = YES;
				CLANG_WARN_UNGUARDED_AVAILABILITY = YES_AGGRESSIVE;
				CLANG_WARN_UNREACHABLE_CODE = YES;
				CLANG_WARN__DUPLICATE_METHOD_MATCH = YES;
				COPY_PHASE_STRIP = NO;
				DEBUG_INFORMATION_FORMAT = "dwarf-with-dsym";
				ENABLE_NS_ASSERTIONS = NO;
				ENABLE_STRICT_OBJC_MSGSEND = YES;
				GCC_C_LANGUAGE_STANDARD = gnu11;
				GCC_NO_COMMON_BLOCKS = YES;
				GCC_WARN_64_TO_32_BIT_CONVERSION = YES;
				GCC_WARN_ABOUT_RETURN_TYPE = YES_ERROR;
				GCC_WARN_UNDECLARED_SELECTOR = YES;
				GCC_WARN_UNINITIALIZED_AUTOS = YES_AGGRESSIVE;
				GCC_WARN_UNUSED_FUNCTION = YES;
				GCC_WARN_UNUSED_VARIABLE = YES;
				IPHONEOS_DEPLOYMENT_TARGET = 15.0;
				MTL_ENABLE_DEBUG_INFO = NO;
				MTL_FAST_MATH = YES;
				SDKROOT = iphoneos;
				SWIFT_COMPILATION_MODE = wholemodule;
				SWIFT_OPTIMIZATION_LEVEL = "-O";
				VALIDATE_PRODUCT = YES;
			};
			name = Release;
		};
		5CBF96CA272D9CAA0021E76D /* Debug */ = {
			isa = XCBuildConfiguration;
			buildSettings = {
				ASSETCATALOG_COMPILER_APPICON_NAME = AppIcon;
				ASSETCATALOG_COMPILER_GLOBAL_ACCENT_COLOR_NAME = AccentColor;
				CODE_SIGN_STYLE = Automatic;
				CURRENT_PROJECT_VERSION = 1;
				DEVELOPMENT_ASSET_PATHS = "\"SimpleX Chat/Preview Content\"";
				DEVELOPMENT_TEAM = 9767FTRA3G;
				ENABLE_PREVIEWS = YES;
				GENERATE_INFOPLIST_FILE = YES;
				INFOPLIST_KEY_UIApplicationSceneManifest_Generation = YES;
				INFOPLIST_KEY_UIApplicationSupportsIndirectInputEvents = YES;
				INFOPLIST_KEY_UILaunchScreen_Generation = YES;
				INFOPLIST_KEY_UISupportedInterfaceOrientations_iPad = "UIInterfaceOrientationPortrait UIInterfaceOrientationPortraitUpsideDown UIInterfaceOrientationLandscapeLeft UIInterfaceOrientationLandscapeRight";
				INFOPLIST_KEY_UISupportedInterfaceOrientations_iPhone = "UIInterfaceOrientationPortrait UIInterfaceOrientationLandscapeLeft UIInterfaceOrientationLandscapeRight";
				LD_RUNPATH_SEARCH_PATHS = (
					"$(inherited)",
					"@executable_path/Frameworks",
				);
				MARKETING_VERSION = 1.0;
				PRODUCT_BUNDLE_IDENTIFIER = "chat.simplex.SimpleX-Chat";
				PRODUCT_NAME = "$(TARGET_NAME)";
				SWIFT_EMIT_LOC_STRINGS = YES;
				SWIFT_VERSION = 5.0;
				TARGETED_DEVICE_FAMILY = "1,2";
			};
			name = Debug;
		};
		5CBF96CB272D9CAA0021E76D /* Release */ = {
			isa = XCBuildConfiguration;
			buildSettings = {
				ASSETCATALOG_COMPILER_APPICON_NAME = AppIcon;
				ASSETCATALOG_COMPILER_GLOBAL_ACCENT_COLOR_NAME = AccentColor;
				CODE_SIGN_STYLE = Automatic;
				CURRENT_PROJECT_VERSION = 1;
				DEVELOPMENT_ASSET_PATHS = "\"SimpleX Chat/Preview Content\"";
				DEVELOPMENT_TEAM = 9767FTRA3G;
				ENABLE_PREVIEWS = YES;
				GENERATE_INFOPLIST_FILE = YES;
				INFOPLIST_KEY_UIApplicationSceneManifest_Generation = YES;
				INFOPLIST_KEY_UIApplicationSupportsIndirectInputEvents = YES;
				INFOPLIST_KEY_UILaunchScreen_Generation = YES;
				INFOPLIST_KEY_UISupportedInterfaceOrientations_iPad = "UIInterfaceOrientationPortrait UIInterfaceOrientationPortraitUpsideDown UIInterfaceOrientationLandscapeLeft UIInterfaceOrientationLandscapeRight";
				INFOPLIST_KEY_UISupportedInterfaceOrientations_iPhone = "UIInterfaceOrientationPortrait UIInterfaceOrientationLandscapeLeft UIInterfaceOrientationLandscapeRight";
				LD_RUNPATH_SEARCH_PATHS = (
					"$(inherited)",
					"@executable_path/Frameworks",
				);
				MARKETING_VERSION = 1.0;
				PRODUCT_BUNDLE_IDENTIFIER = "chat.simplex.SimpleX-Chat";
				PRODUCT_NAME = "$(TARGET_NAME)";
				SWIFT_EMIT_LOC_STRINGS = YES;
				SWIFT_VERSION = 5.0;
				TARGETED_DEVICE_FAMILY = "1,2";
			};
			name = Release;
		};
		5CBF96CD272D9CAA0021E76D /* Debug */ = {
			isa = XCBuildConfiguration;
			buildSettings = {
				ALWAYS_EMBED_SWIFT_STANDARD_LIBRARIES = YES;
				BUNDLE_LOADER = "$(TEST_HOST)";
				CODE_SIGN_STYLE = Automatic;
				CURRENT_PROJECT_VERSION = 1;
				DEVELOPMENT_TEAM = 9767FTRA3G;
				GENERATE_INFOPLIST_FILE = YES;
				IPHONEOS_DEPLOYMENT_TARGET = 15.0;
				LD_RUNPATH_SEARCH_PATHS = (
					"$(inherited)",
					"@executable_path/Frameworks",
					"@loader_path/Frameworks",
				);
				MARKETING_VERSION = 1.0;
				PRODUCT_BUNDLE_IDENTIFIER = "chat.simplex.SimpleX-ChatTests";
				PRODUCT_NAME = "$(TARGET_NAME)";
				SWIFT_EMIT_LOC_STRINGS = NO;
				SWIFT_VERSION = 5.0;
				TARGETED_DEVICE_FAMILY = "1,2";
				TEST_HOST = "$(BUILT_PRODUCTS_DIR)/SimpleX Chat.app/SimpleX Chat";
			};
			name = Debug;
		};
		5CBF96CE272D9CAA0021E76D /* Release */ = {
			isa = XCBuildConfiguration;
			buildSettings = {
				ALWAYS_EMBED_SWIFT_STANDARD_LIBRARIES = YES;
				BUNDLE_LOADER = "$(TEST_HOST)";
				CODE_SIGN_STYLE = Automatic;
				CURRENT_PROJECT_VERSION = 1;
				DEVELOPMENT_TEAM = 9767FTRA3G;
				GENERATE_INFOPLIST_FILE = YES;
				IPHONEOS_DEPLOYMENT_TARGET = 15.0;
				LD_RUNPATH_SEARCH_PATHS = (
					"$(inherited)",
					"@executable_path/Frameworks",
					"@loader_path/Frameworks",
				);
				MARKETING_VERSION = 1.0;
				PRODUCT_BUNDLE_IDENTIFIER = "chat.simplex.SimpleX-ChatTests";
				PRODUCT_NAME = "$(TARGET_NAME)";
				SWIFT_EMIT_LOC_STRINGS = NO;
				SWIFT_VERSION = 5.0;
				TARGETED_DEVICE_FAMILY = "1,2";
				TEST_HOST = "$(BUILT_PRODUCTS_DIR)/SimpleX Chat.app/SimpleX Chat";
			};
			name = Release;
		};
		5CBF96D0272D9CAA0021E76D /* Debug */ = {
			isa = XCBuildConfiguration;
			buildSettings = {
				ALWAYS_EMBED_SWIFT_STANDARD_LIBRARIES = YES;
				CODE_SIGN_STYLE = Automatic;
				CURRENT_PROJECT_VERSION = 1;
				DEVELOPMENT_TEAM = 9767FTRA3G;
				GENERATE_INFOPLIST_FILE = YES;
				LD_RUNPATH_SEARCH_PATHS = (
					"$(inherited)",
					"@executable_path/Frameworks",
					"@loader_path/Frameworks",
				);
				MARKETING_VERSION = 1.0;
				PRODUCT_BUNDLE_IDENTIFIER = "chat.simplex.SimpleX-ChatUITests";
				PRODUCT_NAME = "$(TARGET_NAME)";
				SWIFT_EMIT_LOC_STRINGS = NO;
				SWIFT_VERSION = 5.0;
				TARGETED_DEVICE_FAMILY = "1,2";
				TEST_TARGET_NAME = "SimpleX Chat";
			};
			name = Debug;
		};
		5CBF96D1272D9CAA0021E76D /* Release */ = {
			isa = XCBuildConfiguration;
			buildSettings = {
				ALWAYS_EMBED_SWIFT_STANDARD_LIBRARIES = YES;
				CODE_SIGN_STYLE = Automatic;
				CURRENT_PROJECT_VERSION = 1;
				DEVELOPMENT_TEAM = 9767FTRA3G;
				GENERATE_INFOPLIST_FILE = YES;
				LD_RUNPATH_SEARCH_PATHS = (
					"$(inherited)",
					"@executable_path/Frameworks",
					"@loader_path/Frameworks",
				);
				MARKETING_VERSION = 1.0;
				PRODUCT_BUNDLE_IDENTIFIER = "chat.simplex.SimpleX-ChatUITests";
				PRODUCT_NAME = "$(TARGET_NAME)";
				SWIFT_EMIT_LOC_STRINGS = NO;
				SWIFT_VERSION = 5.0;
				TARGETED_DEVICE_FAMILY = "1,2";
				TEST_TARGET_NAME = "SimpleX Chat";
			};
			name = Release;
		};
/* End XCBuildConfiguration section */

/* Begin XCConfigurationList section */
		5CBF96A0272D9CA60021E76D /* Build configuration list for PBXProject "SimpleX Chat" */ = {
			isa = XCConfigurationList;
			buildConfigurations = (
				5CBF96C7272D9CAA0021E76D /* Debug */,
				5CBF96C8272D9CAA0021E76D /* Release */,
			);
			defaultConfigurationIsVisible = 0;
			defaultConfigurationName = Release;
		};
		5CBF96C9272D9CAA0021E76D /* Build configuration list for PBXNativeTarget "SimpleX Chat" */ = {
			isa = XCConfigurationList;
			buildConfigurations = (
				5CBF96CA272D9CAA0021E76D /* Debug */,
				5CBF96CB272D9CAA0021E76D /* Release */,
			);
			defaultConfigurationIsVisible = 0;
			defaultConfigurationName = Release;
		};
		5CBF96CC272D9CAA0021E76D /* Build configuration list for PBXNativeTarget "SimpleX ChatTests" */ = {
			isa = XCConfigurationList;
			buildConfigurations = (
				5CBF96CD272D9CAA0021E76D /* Debug */,
				5CBF96CE272D9CAA0021E76D /* Release */,
			);
			defaultConfigurationIsVisible = 0;
			defaultConfigurationName = Release;
		};
		5CBF96CF272D9CAA0021E76D /* Build configuration list for PBXNativeTarget "SimpleX ChatUITests" */ = {
			isa = XCConfigurationList;
			buildConfigurations = (
				5CBF96D0272D9CAA0021E76D /* Debug */,
				5CBF96D1272D9CAA0021E76D /* Release */,
			);
			defaultConfigurationIsVisible = 0;
			defaultConfigurationName = Release;
		};
/* End XCConfigurationList section */
	};
	rootObject = 5CBF969D272D9CA60021E76D /* Project object */;
}
